
Microsoft Visual Studio Solution File, Format Version 12.00
# Visual Studio Version 17
VisualStudioVersion = 17.6.33829.357
MinimumVisualStudioVersion = 10.0.40219.1
Project("{FAE04EC0-301F-11D3-BF4B-00C04F79EFBC}") = "AAMG.Temperatura", "AAMG.Temperatura\AAMG.Temperatura.csproj", "{8EB59FD6-3DA4-4240-B873-6767485C3913}"
EndProject
Project("{FAE04EC0-301F-11D3-BF4B-00C04F79EFBC}") = "AAMG.Temperatura.UnitTestMSTest", "AAMG.Temperatura.UnitTestMSTest\AAMG.Temperatura.UnitTestMSTest.csproj", "{3A2227B8-2CBC-4E50-9510-646F6CF1CB57}"
EndProject
Global
	GlobalSection(SolutionConfigurationPlatforms) = preSolution
		Debug|Any CPU = Debug|Any CPU
		Release|Any CPU = Release|Any CPU
	EndGlobalSection
	GlobalSection(ProjectConfigurationPlatforms) = postSolution
		{8EB59FD6-3DA4-4240-B873-6767485C3913}.Debug|Any CPU.ActiveCfg = Debug|Any CPU
		{8EB59FD6-3DA4-4240-B873-6767485C3913}.Debug|Any CPU.Build.0 = Debug|Any CPU
		{8EB59FD6-3DA4-4240-B873-6767485C3913}.Release|Any CPU.ActiveCfg = Release|Any CPU
		{8EB59FD6-3DA4-4240-B873-6767485C3913}.Release|Any CPU.Build.0 = Release|Any CPU
		{3A2227B8-2CBC-4E50-9510-646F6CF1CB57}.Debug|Any CPU.ActiveCfg = Debug|Any CPU
		{3A2227B8-2CBC-4E50-9510-646F6CF1CB57}.Debug|Any CPU.Build.0 = Debug|Any CPU
		{3A2227B8-2CBC-4E50-9510-646F6CF1CB57}.Release|Any CPU.ActiveCfg = Release|Any CPU
		{3A2227B8-2CBC-4E50-9510-646F6CF1CB57}.Release|Any CPU.Build.0 = Release|Any CPU
	EndGlobalSection
	GlobalSection(SolutionProperties) = preSolution
		HideSolutionNode = FALSE
	EndGlobalSection
	GlobalSection(ExtensibilityGlobals) = postSolution
		SolutionGuid = {15C91422-DF5A-4962-B7FB-DBAE94CF2BD7}
	EndGlobalSection
EndGlobal
